
Microsoft Visual Studio Solution File, Format Version 12.00
# Visual Studio 15
VisualStudioVersion = 15.0.28307.329
MinimumVisualStudioVersion = 10.0.40219.1
Project("{FAE04EC0-301F-11D3-BF4B-00C04F79EFBC}") = "SP_Cola", "SP_Cola\SP_Cola.csproj", "{06D593E5-C399-4126-8B4E-16BDA6A90E7D}"
EndProject
Global
	GlobalSection(SolutionConfigurationPlatforms) = preSolution
		Debug|Any CPU = Debug|Any CPU
		Release|Any CPU = Release|Any CPU
	EndGlobalSection
	GlobalSection(ProjectConfigurationPlatforms) = postSolution
		{06D593E5-C399-4126-8B4E-16BDA6A90E7D}.Debug|Any CPU.ActiveCfg = Debug|Any CPU
		{06D593E5-C399-4126-8B4E-16BDA6A90E7D}.Debug|Any CPU.Build.0 = Debug|Any CPU
		{06D593E5-C399-4126-8B4E-16BDA6A90E7D}.Release|Any CPU.ActiveCfg = Release|Any CPU
		{06D593E5-C399-4126-8B4E-16BDA6A90E7D}.Release|Any CPU.Build.0 = Release|Any CPU
	EndGlobalSection
	GlobalSection(SolutionProperties) = preSolution
		HideSolutionNode = FALSE
	EndGlobalSection
	GlobalSection(ExtensibilityGlobals) = postSolution
		SolutionGuid = {DFABA56E-9EA5-4DB4-86C7-9F32F38443C4}
	EndGlobalSection
EndGlobal
